// !$*UTF8*$!
{
	archiveVersion = 1;
	classes = {
	};
	objectVersion = 56;
	objects = {

/* Begin PBXBuildFile section */
		DBE2A7BA2C749D7700E4BDB8 /* SecondTodoApplicationApp.swift in Sources */ = {isa = PBXBuildFile; fileRef = DBE2A7B92C749D7700E4BDB8 /* SecondTodoApplicationApp.swift */; };
		DBE2A7BC2C749D7700E4BDB8 /* ContentView.swift in Sources */ = {isa = PBXBuildFile; fileRef = DBE2A7BB2C749D7700E4BDB8 /* ContentView.swift */; };
		DBE2A7BE2C749D7800E4BDB8 /* Assets.xcassets in Resources */ = {isa = PBXBuildFile; fileRef = DBE2A7BD2C749D7800E4BDB8 /* Assets.xcassets */; };
		DBE2A7C12C749D7800E4BDB8 /* Preview Assets.xcassets in Resources */ = {isa = PBXBuildFile; fileRef = DBE2A7C02C749D7800E4BDB8 /* Preview Assets.xcassets */; };
		DBE2A7CB2C749D7800E4BDB8 /* SecondTodoApplicationTests.swift in Sources */ = {isa = PBXBuildFile; fileRef = DBE2A7CA2C749D7800E4BDB8 /* SecondTodoApplicationTests.swift */; };
		DBE2A7D52C749D7800E4BDB8 /* SecondTodoApplicationUITests.swift in Sources */ = {isa = PBXBuildFile; fileRef = DBE2A7D42C749D7800E4BDB8 /* SecondTodoApplicationUITests.swift */; };
		DBE2A7D72C749D7800E4BDB8 /* SecondTodoApplicationUITestsLaunchTests.swift in Sources */ = {isa = PBXBuildFile; fileRef = DBE2A7D62C749D7800E4BDB8 /* SecondTodoApplicationUITestsLaunchTests.swift */; };
/* End PBXBuildFile section */

/* Begin PBXContainerItemProxy section */
		DBE2A7C72C749D7800E4BDB8 /* PBXContainerItemProxy */ = {
			isa = PBXContainerItemProxy;
			containerPortal = DBE2A7AE2C749D7700E4BDB8 /* Project object */;
			proxyType = 1;
			remoteGlobalIDString = DBE2A7B52C749D7700E4BDB8;
			remoteInfo = SecondTodoApplication;
		};
		DBE2A7D12C749D7800E4BDB8 /* PBXContainerItemProxy */ = {
			isa = PBXContainerItemProxy;
			containerPortal = DBE2A7AE2C749D7700E4BDB8 /* Project object */;
			proxyType = 1;
			remoteGlobalIDString = DBE2A7B52C749D7700E4BDB8;
			remoteInfo = SecondTodoApplication;
		};
/* End PBXContainerItemProxy section */

/* Begin PBXFileReference section */
		DBE2A7B62C749D7700E4BDB8 /* SecondTodoApplication.app */ = {isa = PBXFileReference; explicitFileType = wrapper.application; includeInIndex = 0; path = SecondTodoApplication.app; sourceTree = BUILT_PRODUCTS_DIR; };
		DBE2A7B92C749D7700E4BDB8 /* SecondTodoApplicationApp.swift */ = {isa = PBXFileReference; lastKnownFileType = sourcecode.swift; path = SecondTodoApplicationApp.swift; sourceTree = "<group>"; };
		DBE2A7BB2C749D7700E4BDB8 /* ContentView.swift */ = {isa = PBXFileReference; lastKnownFileType = sourcecode.swift; path = ContentView.swift; sourceTree = "<group>"; };
		DBE2A7BD2C749D7800E4BDB8 /* Assets.xcassets */ = {isa = PBXFileReference; lastKnownFileType = folder.assetcatalog; path = Assets.xcassets; sourceTree = "<group>"; };
		DBE2A7C02C749D7800E4BDB8 /* Preview Assets.xcassets */ = {isa = PBXFileReference; lastKnownFileType = folder.assetcatalog; path = "Preview Assets.xcassets"; sourceTree = "<group>"; };
		DBE2A7C62C749D7800E4BDB8 /* SecondTodoApplicationTests.xctest */ = {isa = PBXFileReference; explicitFileType = wrapper.cfbundle; includeInIndex = 0; path = SecondTodoApplicationTests.xctest; sourceTree = BUILT_PRODUCTS_DIR; };
		DBE2A7CA2C749D7800E4BDB8 /* SecondTodoApplicationTests.swift */ = {isa = PBXFileReference; lastKnownFileType = sourcecode.swift; path = SecondTodoApplicationTests.swift; sourceTree = "<group>"; };
		DBE2A7D02C749D7800E4BDB8 /* SecondTodoApplicationUITests.xctest */ = {isa = PBXFileReference; explicitFileType = wrapper.cfbundle; includeInIndex = 0; path = SecondTodoApplicationUITests.xctest; sourceTree = BUILT_PRODUCTS_DIR; };
		DBE2A7D42C749D7800E4BDB8 /* SecondTodoApplicationUITests.swift */ = {isa = PBXFileReference; lastKnownFileType = sourcecode.swift; path = SecondTodoApplicationUITests.swift; sourceTree = "<group>"; };
		DBE2A7D62C749D7800E4BDB8 /* SecondTodoApplicationUITestsLaunchTests.swift */ = {isa = PBXFileReference; lastKnownFileType = sourcecode.swift; path = SecondTodoApplicationUITestsLaunchTests.swift; sourceTree = "<group>"; };
/* End PBXFileReference section */

/* Begin PBXFrameworksBuildPhase section */
		DBE2A7B32C749D7700E4BDB8 /* Frameworks */ = {
			isa = PBXFrameworksBuildPhase;
			buildActionMask = 2147483647;
			files = (
			);
			runOnlyForDeploymentPostprocessing = 0;
		};
		DBE2A7C32C749D7800E4BDB8 /* Frameworks */ = {
			isa = PBXFrameworksBuildPhase;
			buildActionMask = 2147483647;
			files = (
			);
			runOnlyForDeploymentPostprocessing = 0;
		};
		DBE2A7CD2C749D7800E4BDB8 /* Frameworks */ = {
			isa = PBXFrameworksBuildPhase;
			buildActionMask = 2147483647;
			files = (
			);
			runOnlyForDeploymentPostprocessing = 0;
		};
/* End PBXFrameworksBuildPhase section */

/* Begin PBXGroup section */
		DBE2A7AD2C749D7700E4BDB8 = {
			isa = PBXGroup;
			children = (
				DBE2A7B82C749D7700E4BDB8 /* SecondTodoApplication */,
				DBE2A7C92C749D7800E4BDB8 /* SecondTodoApplicationTests */,
				DBE2A7D32C749D7800E4BDB8 /* SecondTodoApplicationUITests */,
				DBE2A7B72C749D7700E4BDB8 /* Products */,
			);
			sourceTree = "<group>";
		};
		DBE2A7B72C749D7700E4BDB8 /* Products */ = {
			isa = PBXGroup;
			children = (
				DBE2A7B62C749D7700E4BDB8 /* SecondTodoApplication.app */,
				DBE2A7C62C749D7800E4BDB8 /* SecondTodoApplicationTests.xctest */,
				DBE2A7D02C749D7800E4BDB8 /* SecondTodoApplicationUITests.xctest */,
			);
			name = Products;
			sourceTree = "<group>";
		};
		DBE2A7B82C749D7700E4BDB8 /* SecondTodoApplication */ = {
			isa = PBXGroup;
			children = (
				DBE2A7B92C749D7700E4BDB8 /* SecondTodoApplicationApp.swift */,
				DBE2A7BB2C749D7700E4BDB8 /* ContentView.swift */,
				DBE2A7BD2C749D7800E4BDB8 /* Assets.xcassets */,
				DBE2A7BF2C749D7800E4BDB8 /* Preview Content */,
			);
			path = SecondTodoApplication;
			sourceTree = "<group>";
		};
		DBE2A7BF2C749D7800E4BDB8 /* Preview Content */ = {
			isa = PBXGroup;
			children = (
				DBE2A7C02C749D7800E4BDB8 /* Preview Assets.xcassets */,
			);
			path = "Preview Content";
			sourceTree = "<group>";
		};
		DBE2A7C92C749D7800E4BDB8 /* SecondTodoApplicationTests */ = {
			isa = PBXGroup;
			children = (
				DBE2A7CA2C749D7800E4BDB8 /* SecondTodoApplicationTests.swift */,
			);
			path = SecondTodoApplicationTests;
			sourceTree = "<group>";
		};
		DBE2A7D32C749D7800E4BDB8 /* SecondTodoApplicationUITests */ = {
			isa = PBXGroup;
			children = (
				DBE2A7D42C749D7800E4BDB8 /* SecondTodoApplicationUITests.swift */,
				DBE2A7D62C749D7800E4BDB8 /* SecondTodoApplicationUITestsLaunchTests.swift */,
			);
			path = SecondTodoApplicationUITests;
			sourceTree = "<group>";
		};
/* End PBXGroup section */

/* Begin PBXNativeTarget section */
		DBE2A7B52C749D7700E4BDB8 /* SecondTodoApplication */ = {
			isa = PBXNativeTarget;
			buildConfigurationList = DBE2A7DA2C749D7800E4BDB8 /* Build configuration list for PBXNativeTarget "SecondTodoApplication" */;
			buildPhases = (
				DBE2A7B22C749D7700E4BDB8 /* Sources */,
				DBE2A7B32C749D7700E4BDB8 /* Frameworks */,
				DBE2A7B42C749D7700E4BDB8 /* Resources */,
			);
			buildRules = (
			);
			dependencies = (
			);
			name = SecondTodoApplication;
			productName = SecondTodoApplication;
			productReference = DBE2A7B62C749D7700E4BDB8 /* SecondTodoApplication.app */;
			productType = "com.apple.product-type.application";
		};
		DBE2A7C52C749D7800E4BDB8 /* SecondTodoApplicationTests */ = {
			isa = PBXNativeTarget;
			buildConfigurationList = DBE2A7DD2C749D7800E4BDB8 /* Build configuration list for PBXNativeTarget "SecondTodoApplicationTests" */;
			buildPhases = (
				DBE2A7C22C749D7800E4BDB8 /* Sources */,
				DBE2A7C32C749D7800E4BDB8 /* Frameworks */,
				DBE2A7C42C749D7800E4BDB8 /* Resources */,
			);
			buildRules = (
			);
			dependencies = (
				DBE2A7C82C749D7800E4BDB8 /* PBXTargetDependency */,
			);
			name = SecondTodoApplicationTests;
			productName = SecondTodoApplicationTests;
			productReference = DBE2A7C62C749D7800E4BDB8 /* SecondTodoApplicationTests.xctest */;
			productType = "com.apple.product-type.bundle.unit-test";
		};
		DBE2A7CF2C749D7800E4BDB8 /* SecondTodoApplicationUITests */ = {
			isa = PBXNativeTarget;
			buildConfigurationList = DBE2A7E02C749D7800E4BDB8 /* Build configuration list for PBXNativeTarget "SecondTodoApplicationUITests" */;
			buildPhases = (
				DBE2A7CC2C749D7800E4BDB8 /* Sources */,
				DBE2A7CD2C749D7800E4BDB8 /* Frameworks */,
				DBE2A7CE2C749D7800E4BDB8 /* Resources */,
			);
			buildRules = (
			);
			dependencies = (
				DBE2A7D22C749D7800E4BDB8 /* PBXTargetDependency */,
			);
			name = SecondTodoApplicationUITests;
			productName = SecondTodoApplicationUITests;
			productReference = DBE2A7D02C749D7800E4BDB8 /* SecondTodoApplicationUITests.xctest */;
			productType = "com.apple.product-type.bundle.ui-testing";
		};
/* End PBXNativeTarget section */

/* Begin PBXProject section */
		DBE2A7AE2C749D7700E4BDB8 /* Project object */ = {
			isa = PBXProject;
			attributes = {
				BuildIndependentTargetsInParallel = 1;
				LastSwiftUpdateCheck = 1540;
				LastUpgradeCheck = 1540;
				TargetAttributes = {
					DBE2A7B52C749D7700E4BDB8 = {
						CreatedOnToolsVersion = 15.4;
					};
					DBE2A7C52C749D7800E4BDB8 = {
						CreatedOnToolsVersion = 15.4;
						TestTargetID = DBE2A7B52C749D7700E4BDB8;
					};
					DBE2A7CF2C749D7800E4BDB8 = {
						CreatedOnToolsVersion = 15.4;
						TestTargetID = DBE2A7B52C749D7700E4BDB8;
					};
				};
			};
			buildConfigurationList = DBE2A7B12C749D7700E4BDB8 /* Build configuration list for PBXProject "SecondTodoApplication" */;
			compatibilityVersion = "Xcode 14.0";
			developmentRegion = en;
			hasScannedForEncodings = 0;
			knownRegions = (
				en,
				Base,
			);
			mainGroup = DBE2A7AD2C749D7700E4BDB8;
			productRefGroup = DBE2A7B72C749D7700E4BDB8 /* Products */;
			projectDirPath = "";
			projectRoot = "";
			targets = (
				DBE2A7B52C749D7700E4BDB8 /* SecondTodoApplication */,
				DBE2A7C52C749D7800E4BDB8 /* SecondTodoApplicationTests */,
				DBE2A7CF2C749D7800E4BDB8 /* SecondTodoApplicationUITests */,
			);
		};
/* End PBXProject section */

/* Begin PBXResourcesBuildPhase section */
		DBE2A7B42C749D7700E4BDB8 /* Resources */ = {
			isa = PBXResourcesBuildPhase;
			buildActionMask = 2147483647;
			files = (
				DBE2A7C12C749D7800E4BDB8 /* Preview Assets.xcassets in Resources */,
				DBE2A7BE2C749D7800E4BDB8 /* Assets.xcassets in Resources */,
			);
			runOnlyForDeploymentPostprocessing = 0;
		};
		DBE2A7C42C749D7800E4BDB8 /* Resources */ = {
			isa = PBXResourcesBuildPhase;
			buildActionMask = 2147483647;
			files = (
			);
			runOnlyForDeploymentPostprocessing = 0;
		};
		DBE2A7CE2C749D7800E4BDB8 /* Resources */ = {
			isa = PBXResourcesBuildPhase;
			buildActionMask = 2147483647;
			files = (
			);
			runOnlyForDeploymentPostprocessing = 0;
		};
/* End PBXResourcesBuildPhase section */

/* Begin PBXSourcesBuildPhase section */
		DBE2A7B22C749D7700E4BDB8 /* Sources */ = {
			isa = PBXSourcesBuildPhase;
			buildActionMask = 2147483647;
			files = (
				DBE2A7BC2C749D7700E4BDB8 /* ContentView.swift in Sources */,
				DBE2A7BA2C749D7700E4BDB8 /* SecondTodoApplicationApp.swift in Sources */,
			);
			runOnlyForDeploymentPostprocessing = 0;
		};
		DBE2A7C22C749D7800E4BDB8 /* Sources */ = {
			isa = PBXSourcesBuildPhase;
			buildActionMask = 2147483647;
			files = (
				DBE2A7CB2C749D7800E4BDB8 /* SecondTodoApplicationTests.swift in Sources */,
			);
			runOnlyForDeploymentPostprocessing = 0;
		};
		DBE2A7CC2C749D7800E4BDB8 /* Sources */ = {
			isa = PBXSourcesBuildPhase;
			buildActionMask = 2147483647;
			files = (
				DBE2A7D52C749D7800E4BDB8 /* SecondTodoApplicationUITests.swift in Sources */,
				DBE2A7D72C749D7800E4BDB8 /* SecondTodoApplicationUITestsLaunchTests.swift in Sources */,
			);
			runOnlyForDeploymentPostprocessing = 0;
		};
/* End PBXSourcesBuildPhase section */

/* Begin PBXTargetDependency section */
		DBE2A7C82C749D7800E4BDB8 /* PBXTargetDependency */ = {
			isa = PBXTargetDependency;
			target = DBE2A7B52C749D7700E4BDB8 /* SecondTodoApplication */;
			targetProxy = DBE2A7C72C749D7800E4BDB8 /* PBXContainerItemProxy */;
		};
		DBE2A7D22C749D7800E4BDB8 /* PBXTargetDependency */ = {
			isa = PBXTargetDependency;
			target = DBE2A7B52C749D7700E4BDB8 /* SecondTodoApplication */;
			targetProxy = DBE2A7D12C749D7800E4BDB8 /* PBXContainerItemProxy */;
		};
/* End PBXTargetDependency section */

/* Begin XCBuildConfiguration section */
		DBE2A7D82C749D7800E4BDB8 /* Debug */ = {
			isa = XCBuildConfiguration;
			buildSettings = {
				ALWAYS_SEARCH_USER_PATHS = NO;
				ASSETCATALOG_COMPILER_GENERATE_SWIFT_ASSET_SYMBOL_EXTENSIONS = YES;
				CLANG_ANALYZER_NONNULL = YES;
				CLANG_ANALYZER_NUMBER_OBJECT_CONVERSION = YES_AGGRESSIVE;
				CLANG_CXX_LANGUAGE_STANDARD = "gnu++20";
				CLANG_ENABLE_MODULES = YES;
				CLANG_ENABLE_OBJC_ARC = YES;
				CLANG_ENABLE_OBJC_WEAK = YES;
				CLANG_WARN_BLOCK_CAPTURE_AUTORELEASING = YES;
				CLANG_WARN_BOOL_CONVERSION = YES;
				CLANG_WARN_COMMA = YES;
				CLANG_WARN_CONSTANT_CONVERSION = YES;
				CLANG_WARN_DEPRECATED_OBJC_IMPLEMENTATIONS = YES;
				CLANG_WARN_DIRECT_OBJC_ISA_USAGE = YES_ERROR;
				CLANG_WARN_DOCUMENTATION_COMMENTS = YES;
				CLANG_WARN_EMPTY_BODY = YES;
				CLANG_WARN_ENUM_CONVERSION = YES;
				CLANG_WARN_INFINITE_RECURSION = YES;
				CLANG_WARN_INT_CONVERSION = YES;
				CLANG_WARN_NON_LITERAL_NULL_CONVERSION = YES;
				CLANG_WARN_OBJC_IMPLICIT_RETAIN_SELF = YES;
				CLANG_WARN_OBJC_LITERAL_CONVERSION = YES;
				CLANG_WARN_OBJC_ROOT_CLASS = YES_ERROR;
				CLANG_WARN_QUOTED_INCLUDE_IN_FRAMEWORK_HEADER = YES;
				CLANG_WARN_RANGE_LOOP_ANALYSIS = YES;
				CLANG_WARN_STRICT_PROTOTYPES = YES;
				CLANG_WARN_SUSPICIOUS_MOVE = YES;
				CLANG_WARN_UNGUARDED_AVAILABILITY = YES_AGGRESSIVE;
				CLANG_WARN_UNREACHABLE_CODE = YES;
				CLANG_WARN__DUPLICATE_METHOD_MATCH = YES;
				COPY_PHASE_STRIP = NO;
				DEBUG_INFORMATION_FORMAT = dwarf;
				ENABLE_STRICT_OBJC_MSGSEND = YES;
				ENABLE_TESTABILITY = YES;
				ENABLE_USER_SCRIPT_SANDBOXING = YES;
				GCC_C_LANGUAGE_STANDARD = gnu17;
				GCC_DYNAMIC_NO_PIC = NO;
				GCC_NO_COMMON_BLOCKS = YES;
				GCC_OPTIMIZATION_LEVEL = 0;
				GCC_PREPROCESSOR_DEFINITIONS = (
					"DEBUG=1",
					"$(inherited)",
				);
				GCC_WARN_64_TO_32_BIT_CONVERSION = YES;
				GCC_WARN_ABOUT_RETURN_TYPE = YES_ERROR;
				GCC_WARN_UNDECLARED_SELECTOR = YES;
				GCC_WARN_UNINITIALIZED_AUTOS = YES_AGGRESSIVE;
				GCC_WARN_UNUSED_FUNCTION = YES;
				GCC_WARN_UNUSED_VARIABLE = YES;
				IPHONEOS_DEPLOYMENT_TARGET = 17.5;
				LOCALIZATION_PREFERS_STRING_CATALOGS = YES;
				MTL_ENABLE_DEBUG_INFO = INCLUDE_SOURCE;
				MTL_FAST_MATH = YES;
				ONLY_ACTIVE_ARCH = YES;
				SDKROOT = iphoneos;
				SWIFT_ACTIVE_COMPILATION_CONDITIONS = "DEBUG $(inherited)";
				SWIFT_OPTIMIZATION_LEVEL = "-Onone";
			};
			name = Debug;
		};
		DBE2A7D92C749D7800E4BDB8 /* Release */ = {
			isa = XCBuildConfiguration;
			buildSettings = {
				ALWAYS_SEARCH_USER_PATHS = NO;
				ASSETCATALOG_COMPILER_GENERATE_SWIFT_ASSET_SYMBOL_EXTENSIONS = YES;
				CLANG_ANALYZER_NONNULL = YES;
				CLANG_ANALYZER_NUMBER_OBJECT_CONVERSION = YES_AGGRESSIVE;
				CLANG_CXX_LANGUAGE_STANDARD = "gnu++20";
				CLANG_ENABLE_MODULES = YES;
				CLANG_ENABLE_OBJC_ARC = YES;
				CLANG_ENABLE_OBJC_WEAK = YES;
				CLANG_WARN_BLOCK_CAPTURE_AUTORELEASING = YES;
				CLANG_WARN_BOOL_CONVERSION = YES;
				CLANG_WARN_COMMA = YES;
				CLANG_WARN_CONSTANT_CONVERSION = YES;
				CLANG_WARN_DEPRECATED_OBJC_IMPLEMENTATIONS = YES;
				CLANG_WARN_DIRECT_OBJC_ISA_USAGE = YES_ERROR;
				CLANG_WARN_DOCUMENTATION_COMMENTS = YES;
				CLANG_WARN_EMPTY_BODY = YES;
				CLANG_WARN_ENUM_CONVERSION = YES;
				CLANG_WARN_INFINITE_RECURSION = YES;
				CLANG_WARN_INT_CONVERSION = YES;
				CLANG_WARN_NON_LITERAL_NULL_CONVERSION = YES;
				CLANG_WARN_OBJC_IMPLICIT_RETAIN_SELF = YES;
				CLANG_WARN_OBJC_LITERAL_CONVERSION = YES;
				CLANG_WARN_OBJC_ROOT_CLASS = YES_ERROR;
				CLANG_WARN_QUOTED_INCLUDE_IN_FRAMEWORK_HEADER = YES;
				CLANG_WARN_RANGE_LOOP_ANALYSIS = YES;
				CLANG_WARN_STRICT_PROTOTYPES = YES;
				CLANG_WARN_SUSPICIOUS_MOVE = YES;
				CLANG_WARN_UNGUARDED_AVAILABILITY = YES_AGGRESSIVE;
				CLANG_WARN_UNREACHABLE_CODE = YES;
				CLANG_WARN__DUPLICATE_METHOD_MATCH = YES;
				COPY_PHASE_STRIP = NO;
				DEBUG_INFORMATION_FORMAT = "dwarf-with-dsym";
				ENABLE_NS_ASSERTIONS = NO;
				ENABLE_STRICT_OBJC_MSGSEND = YES;
				ENABLE_USER_SCRIPT_SANDBOXING = YES;
				GCC_C_LANGUAGE_STANDARD = gnu17;
				GCC_NO_COMMON_BLOCKS = YES;
				GCC_WARN_64_TO_32_BIT_CONVERSION = YES;
				GCC_WARN_ABOUT_RETURN_TYPE = YES_ERROR;
				GCC_WARN_UNDECLARED_SELECTOR = YES;
				GCC_WARN_UNINITIALIZED_AUTOS = YES_AGGRESSIVE;
				GCC_WARN_UNUSED_FUNCTION = YES;
				GCC_WARN_UNUSED_VARIABLE = YES;
				IPHONEOS_DEPLOYMENT_TARGET = 17.5;
				LOCALIZATION_PREFERS_STRING_CATALOGS = YES;
				MTL_ENABLE_DEBUG_INFO = NO;
				MTL_FAST_MATH = YES;
				SDKROOT = iphoneos;
				SWIFT_COMPILATION_MODE = wholemodule;
				VALIDATE_PRODUCT = YES;
			};
			name = Release;
		};
		DBE2A7DB2C749D7800E4BDB8 /* Debug */ = {
			isa = XCBuildConfiguration;
			buildSettings = {
				ASSETCATALOG_COMPILER_APPICON_NAME = AppIcon;
				ASSETCATALOG_COMPILER_GLOBAL_ACCENT_COLOR_NAME = AccentColor;
				CODE_SIGN_STYLE = Automatic;
				CURRENT_PROJECT_VERSION = 1;
				DEVELOPMENT_ASSET_PATHS = "\"SecondTodoApplication/Preview Content\"";
				ENABLE_PREVIEWS = YES;
				GENERATE_INFOPLIST_FILE = YES;
				INFOPLIST_KEY_UIApplicationSceneManifest_Generation = YES;
				INFOPLIST_KEY_UIApplicationSupportsIndirectInputEvents = YES;
				INFOPLIST_KEY_UILaunchScreen_Generation = YES;
				INFOPLIST_KEY_UISupportedInterfaceOrientations_iPad = "UIInterfaceOrientationPortrait UIInterfaceOrientationPortraitUpsideDown UIInterfaceOrientationLandscapeLeft UIInterfaceOrientationLandscapeRight";
				INFOPLIST_KEY_UISupportedInterfaceOrientations_iPhone = "UIInterfaceOrientationPortrait UIInterfaceOrientationLandscapeLeft UIInterfaceOrientationLandscapeRight";
				LD_RUNPATH_SEARCH_PATHS = (
					"$(inherited)",
					"@executable_path/Frameworks",
				);
				MARKETING_VERSION = 1.0;
				PRODUCT_BUNDLE_IDENTIFIER = ud.SecondTodoApplication;
				PRODUCT_NAME = "$(TARGET_NAME)";
				SWIFT_EMIT_LOC_STRINGS = YES;
				SWIFT_VERSION = 5.0;
				TARGETED_DEVICE_FAMILY = "1,2";
			};
			name = Debug;
		};
		DBE2A7DC2C749D7800E4BDB8 /* Release */ = {
			isa = XCBuildConfiguration;
			buildSettings = {
				ASSETCATALOG_COMPILER_APPICON_NAME = AppIcon;
				ASSETCATALOG_COMPILER_GLOBAL_ACCENT_COLOR_NAME = AccentColor;
				CODE_SIGN_STYLE = Automatic;
				CURRENT_PROJECT_VERSION = 1;
				DEVELOPMENT_ASSET_PATHS = "\"SecondTodoApplication/Preview Content\"";
				ENABLE_PREVIEWS = YES;
				GENERATE_INFOPLIST_FILE = YES;
				INFOPLIST_KEY_UIApplicationSceneManifest_Generation = YES;
				INFOPLIST_KEY_UIApplicationSupportsIndirectInputEvents = YES;
				INFOPLIST_KEY_UILaunchScreen_Generation = YES;
				INFOPLIST_KEY_UISupportedInterfaceOrientations_iPad = "UIInterfaceOrientationPortrait UIInterfaceOrientationPortraitUpsideDown UIInterfaceOrientationLandscapeLeft UIInterfaceOrientationLandscapeRight";
				INFOPLIST_KEY_UISupportedInterfaceOrientations_iPhone = "UIInterfaceOrientationPortrait UIInterfaceOrientationLandscapeLeft UIInterfaceOrientationLandscapeRight";
				LD_RUNPATH_SEARCH_PATHS = (
					"$(inherited)",
					"@executable_path/Frameworks",
				);
				MARKETING_VERSION = 1.0;
				PRODUCT_BUNDLE_IDENTIFIER = ud.SecondTodoApplication;
				PRODUCT_NAME = "$(TARGET_NAME)";
				SWIFT_EMIT_LOC_STRINGS = YES;
				SWIFT_VERSION = 5.0;
				TARGETED_DEVICE_FAMILY = "1,2";
			};
			name = Release;
		};
		DBE2A7DE2C749D7800E4BDB8 /* Debug */ = {
			isa = XCBuildConfiguration;
			buildSettings = {
				ALWAYS_EMBED_SWIFT_STANDARD_LIBRARIES = YES;
				BUNDLE_LOADER = "$(TEST_HOST)";
				CODE_SIGN_STYLE = Automatic;
				CURRENT_PROJECT_VERSION = 1;
				GENERATE_INFOPLIST_FILE = YES;
				IPHONEOS_DEPLOYMENT_TARGET = 17.5;
				MARKETING_VERSION = 1.0;
				PRODUCT_BUNDLE_IDENTIFIER = ud.SecondTodoApplicationTests;
				PRODUCT_NAME = "$(TARGET_NAME)";
				SWIFT_EMIT_LOC_STRINGS = NO;
				SWIFT_VERSION = 5.0;
				TARGETED_DEVICE_FAMILY = "1,2";
				TEST_HOST = "$(BUILT_PRODUCTS_DIR)/SecondTodoApplication.app/$(BUNDLE_EXECUTABLE_FOLDER_PATH)/SecondTodoApplication";
			};
			name = Debug;
		};
		DBE2A7DF2C749D7800E4BDB8 /* Release */ = {
			isa = XCBuildConfiguration;
			buildSettings = {
				ALWAYS_EMBED_SWIFT_STANDARD_LIBRARIES = YES;
				BUNDLE_LOADER = "$(TEST_HOST)";
				CODE_SIGN_STYLE = Automatic;
				CURRENT_PROJECT_VERSION = 1;
				GENERATE_INFOPLIST_FILE = YES;
				IPHONEOS_DEPLOYMENT_TARGET = 17.5;
				MARKETING_VERSION = 1.0;
				PRODUCT_BUNDLE_IDENTIFIER = ud.SecondTodoApplicationTests;
				PRODUCT_NAME = "$(TARGET_NAME)";
				SWIFT_EMIT_LOC_STRINGS = NO;
				SWIFT_VERSION = 5.0;
				TARGETED_DEVICE_FAMILY = "1,2";
				TEST_HOST = "$(BUILT_PRODUCTS_DIR)/SecondTodoApplication.app/$(BUNDLE_EXECUTABLE_FOLDER_PATH)/SecondTodoApplication";
			};
			name = Release;
		};
		DBE2A7E12C749D7800E4BDB8 /* Debug */ = {
			isa = XCBuildConfiguration;
			buildSettings = {
				ALWAYS_EMBED_SWIFT_STANDARD_LIBRARIES = YES;
				CODE_SIGN_STYLE = Automatic;
				CURRENT_PROJECT_VERSION = 1;
				GENERATE_INFOPLIST_FILE = YES;
				MARKETING_VERSION = 1.0;
				PRODUCT_BUNDLE_IDENTIFIER = ud.SecondTodoApplicationUITests;
				PRODUCT_NAME = "$(TARGET_NAME)";
				SWIFT_EMIT_LOC_STRINGS = NO;
				SWIFT_VERSION = 5.0;
				TARGETED_DEVICE_FAMILY = "1,2";
				TEST_TARGET_NAME = SecondTodoApplication;
			};
			name = Debug;
		};
		DBE2A7E22C749D7800E4BDB8 /* Release */ = {
			isa = XCBuildConfiguration;
			buildSettings = {
				ALWAYS_EMBED_SWIFT_STANDARD_LIBRARIES = YES;
				CODE_SIGN_STYLE = Automatic;
				CURRENT_PROJECT_VERSION = 1;
				GENERATE_INFOPLIST_FILE = YES;
				MARKETING_VERSION = 1.0;
				PRODUCT_BUNDLE_IDENTIFIER = ud.SecondTodoApplicationUITests;
				PRODUCT_NAME = "$(TARGET_NAME)";
				SWIFT_EMIT_LOC_STRINGS = NO;
				SWIFT_VERSION = 5.0;
				TARGETED_DEVICE_FAMILY = "1,2";
				TEST_TARGET_NAME = SecondTodoApplication;
			};
			name = Release;
		};
/* End XCBuildConfiguration section */

/* Begin XCConfigurationList section */
		DBE2A7B12C749D7700E4BDB8 /* Build configuration list for PBXProject "SecondTodoApplication" */ = {
			isa = XCConfigurationList;
			buildConfigurations = (
				DBE2A7D82C749D7800E4BDB8 /* Debug */,
				DBE2A7D92C749D7800E4BDB8 /* Release */,
			);
			defaultConfigurationIsVisible = 0;
			defaultConfigurationName = Release;
		};
		DBE2A7DA2C749D7800E4BDB8 /* Build configuration list for PBXNativeTarget "SecondTodoApplication" */ = {
			isa = XCConfigurationList;
			buildConfigurations = (
				DBE2A7DB2C749D7800E4BDB8 /* Debug */,
				DBE2A7DC2C749D7800E4BDB8 /* Release */,
			);
			defaultConfigurationIsVisible = 0;
			defaultConfigurationName = Release;
		};
		DBE2A7DD2C749D7800E4BDB8 /* Build configuration list for PBXNativeTarget "SecondTodoApplicationTests" */ = {
			isa = XCConfigurationList;
			buildConfigurations = (
				DBE2A7DE2C749D7800E4BDB8 /* Debug */,
				DBE2A7DF2C749D7800E4BDB8 /* Release */,
			);
			defaultConfigurationIsVisible = 0;
			defaultConfigurationName = Release;
		};
		DBE2A7E02C749D7800E4BDB8 /* Build configuration list for PBXNativeTarget "SecondTodoApplicationUITests" */ = {
			isa = XCConfigurationList;
			buildConfigurations = (
				DBE2A7E12C749D7800E4BDB8 /* Debug */,
				DBE2A7E22C749D7800E4BDB8 /* Release */,
			);
			defaultConfigurationIsVisible = 0;
			defaultConfigurationName = Release;
		};
/* End XCConfigurationList section */
	};
	rootObject = DBE2A7AE2C749D7700E4BDB8 /* Project object */;
}
